
Microsoft Visual Studio Solution File, Format Version 12.00
# Visual Studio Version 17
VisualStudioVersion = 17.5.33414.496
MinimumVisualStudioVersion = 10.0.40219.1
Project("{9A19103F-16F7-4668-BE54-9A1E7A4F7556}") = "ProductApi", "ProductApi\ProductApi.csproj", "{A8752B23-217C-486F-A4A1-815F123FDFED}"
EndProject
Project("{9A19103F-16F7-4668-BE54-9A1E7A4F7556}") = "UsersApi", "UsersApi\UsersApi.csproj", "{7A7A3BBF-A8EA-434B-ABB9-B237B8BA9E1F}"
EndProject
Project("{9A19103F-16F7-4668-BE54-9A1E7A4F7556}") = "SearchApi", "SearchApi\SearchApi.csproj", "{450C53D8-1E27-49F5-BBCA-75F6BC869CF4}"
EndProject
Global
	GlobalSection(SolutionConfigurationPlatforms) = preSolution
		Debug|Any CPU = Debug|Any CPU
		Release|Any CPU = Release|Any CPU
	EndGlobalSection
	GlobalSection(ProjectConfigurationPlatforms) = postSolution
		{A8752B23-217C-486F-A4A1-815F123FDFED}.Debug|Any CPU.ActiveCfg = Debug|Any CPU
		{A8752B23-217C-486F-A4A1-815F123FDFED}.Debug|Any CPU.Build.0 = Debug|Any CPU
		{A8752B23-217C-486F-A4A1-815F123FDFED}.Release|Any CPU.ActiveCfg = Release|Any CPU
		{A8752B23-217C-486F-A4A1-815F123FDFED}.Release|Any CPU.Build.0 = Release|Any CPU
		{7A7A3BBF-A8EA-434B-ABB9-B237B8BA9E1F}.Debug|Any CPU.ActiveCfg = Debug|Any CPU
		{7A7A3BBF-A8EA-434B-ABB9-B237B8BA9E1F}.Debug|Any CPU.Build.0 = Debug|Any CPU
		{7A7A3BBF-A8EA-434B-ABB9-B237B8BA9E1F}.Release|Any CPU.ActiveCfg = Release|Any CPU
		{7A7A3BBF-A8EA-434B-ABB9-B237B8BA9E1F}.Release|Any CPU.Build.0 = Release|Any CPU
		{450C53D8-1E27-49F5-BBCA-75F6BC869CF4}.Debug|Any CPU.ActiveCfg = Debug|Any CPU
		{450C53D8-1E27-49F5-BBCA-75F6BC869CF4}.Debug|Any CPU.Build.0 = Debug|Any CPU
		{450C53D8-1E27-49F5-BBCA-75F6BC869CF4}.Release|Any CPU.ActiveCfg = Release|Any CPU
		{450C53D8-1E27-49F5-BBCA-75F6BC869CF4}.Release|Any CPU.Build.0 = Release|Any CPU
	EndGlobalSection
	GlobalSection(SolutionProperties) = preSolution
		HideSolutionNode = FALSE
	EndGlobalSection
	GlobalSection(ExtensibilityGlobals) = postSolution
		SolutionGuid = {6B7A0995-898B-4941-99A1-C04EEAEFBA24}
	EndGlobalSection
EndGlobal
